{
  "name": "datePicker-bootstrap",
  "lockfileVersion": 2,
  "requires": true,
  "packages": {
    "": {
      "dependencies": {
        "@webcomponents/webcomponentsjs": "^2.7.0"
      }
    },
    "node_modules/@webcomponents/webcomponentsjs": {
      "version": "2.7.0",
      "resolved": "https://registry.npmjs.org/@webcomponents/webcomponentsjs/-/webcomponentsjs-2.7.0.tgz",
      "integrity": "sha512-j161Z9oiy8k74vchdrQGihfSp7QulrTclCUiPo0D7JF6/RjpXAmB0ThlTAFlSElkgqg0vdFgNAXaX9ZHZy25wQ=="
    }
  },
  "dependencies": {
    "@webcomponents/webcomponentsjs": {
      "version": "2.7.0",
      "resolved": "https://registry.npmjs.org/@webcomponents/webcomponentsjs/-/webcomponentsjs-2.7.0.tgz",
      "integrity": "sha512-j161Z9oiy8k74vchdrQGihfSp7QulrTclCUiPo0D7JF6/RjpXAmB0ThlTAFlSElkgqg0vdFgNAXaX9ZHZy25wQ=="
    }
  }
}
